
Microsoft Visual Studio Solution File, Format Version 12.00
# Visual Studio Version 17
VisualStudioVersion = 17.4.33205.214
MinimumVisualStudioVersion = 10.0.40219.1
Project("{8BC9CEB8-8B4A-11D0-8D11-00A0C91BC942}") = "C_find_friends_program", "C_find_friends_program\C_find_friends_program.vcxproj", "{1A3AA39E-DAB8-4864-A01E-F7D3CDDECCCA}"
EndProject
Global
	GlobalSection(SolutionConfigurationPlatforms) = preSolution
		Debug|x64 = Debug|x64
		Debug|x86 = Debug|x86
		Release|x64 = Release|x64
		Release|x86 = Release|x86
	EndGlobalSection
	GlobalSection(ProjectConfigurationPlatforms) = postSolution
		{1A3AA39E-DAB8-4864-A01E-F7D3CDDECCCA}.Debug|x64.ActiveCfg = Debug|x64
		{1A3AA39E-DAB8-4864-A01E-F7D3CDDECCCA}.Debug|x64.Build.0 = Debug|x64
		{1A3AA39E-DAB8-4864-A01E-F7D3CDDECCCA}.Debug|x86.ActiveCfg = Debug|Win32
		{1A3AA39E-DAB8-4864-A01E-F7D3CDDECCCA}.Debug|x86.Build.0 = Debug|Win32
		{1A3AA39E-DAB8-4864-A01E-F7D3CDDECCCA}.Release|x64.ActiveCfg = Release|x64
		{1A3AA39E-DAB8-4864-A01E-F7D3CDDECCCA}.Release|x64.Build.0 = Release|x64
		{1A3AA39E-DAB8-4864-A01E-F7D3CDDECCCA}.Release|x86.ActiveCfg = Release|Win32
		{1A3AA39E-DAB8-4864-A01E-F7D3CDDECCCA}.Release|x86.Build.0 = Release|Win32
	EndGlobalSection
	GlobalSection(SolutionProperties) = preSolution
		HideSolutionNode = FALSE
	EndGlobalSection
	GlobalSection(ExtensibilityGlobals) = postSolution
		SolutionGuid = {661C0311-EE27-45D6-9C26-8F8BFF1BF8D6}
	EndGlobalSection
EndGlobal
